
Microsoft Visual Studio Solution File, Format Version 12.00
# Visual Studio 15
VisualStudioVersion = 15.0.28307.329
MinimumVisualStudioVersion = 10.0.40219.1
Project("{FAE04EC0-301F-11D3-BF4B-00C04F79EFBC}") = "Aula197", "Aula197\Aula197.csproj", "{47151E30-6E99-455F-AF3B-B844644E444A}"
EndProject
Global
	GlobalSection(SolutionConfigurationPlatforms) = preSolution
		Debug|Any CPU = Debug|Any CPU
		Release|Any CPU = Release|Any CPU
	EndGlobalSection
	GlobalSection(ProjectConfigurationPlatforms) = postSolution
		{47151E30-6E99-455F-AF3B-B844644E444A}.Debug|Any CPU.ActiveCfg = Debug|Any CPU
		{47151E30-6E99-455F-AF3B-B844644E444A}.Debug|Any CPU.Build.0 = Debug|Any CPU
		{47151E30-6E99-455F-AF3B-B844644E444A}.Release|Any CPU.ActiveCfg = Release|Any CPU
		{47151E30-6E99-455F-AF3B-B844644E444A}.Release|Any CPU.Build.0 = Release|Any CPU
	EndGlobalSection
	GlobalSection(SolutionProperties) = preSolution
		HideSolutionNode = FALSE
	EndGlobalSection
	GlobalSection(ExtensibilityGlobals) = postSolution
		SolutionGuid = {5E0AE0EB-030C-4248-88B0-E2CD9495FBEC}
	EndGlobalSection
EndGlobal
