
Microsoft Visual Studio Solution File, Format Version 12.00
# Visual Studio 15
VisualStudioVersion = 15.0.28307.329
MinimumVisualStudioVersion = 10.0.40219.1
Project("{FAE04EC0-301F-11D3-BF4B-00C04F79EFBC}") = "Aula31", "Aula31\Aula31.csproj", "{A8603B5F-A60A-4209-A193-252714EF3DEE}"
EndProject
Global
	GlobalSection(SolutionConfigurationPlatforms) = preSolution
		Debug|Any CPU = Debug|Any CPU
		Release|Any CPU = Release|Any CPU
	EndGlobalSection
	GlobalSection(ProjectConfigurationPlatforms) = postSolution
		{A8603B5F-A60A-4209-A193-252714EF3DEE}.Debug|Any CPU.ActiveCfg = Debug|Any CPU
		{A8603B5F-A60A-4209-A193-252714EF3DEE}.Debug|Any CPU.Build.0 = Debug|Any CPU
		{A8603B5F-A60A-4209-A193-252714EF3DEE}.Release|Any CPU.ActiveCfg = Release|Any CPU
		{A8603B5F-A60A-4209-A193-252714EF3DEE}.Release|Any CPU.Build.0 = Release|Any CPU
	EndGlobalSection
	GlobalSection(SolutionProperties) = preSolution
		HideSolutionNode = FALSE
	EndGlobalSection
	GlobalSection(ExtensibilityGlobals) = postSolution
		SolutionGuid = {EE9F3D78-BF0D-4B3E-AABB-0A57780050AB}
	EndGlobalSection
EndGlobal
