
Microsoft Visual Studio Solution File, Format Version 12.00
# Visual Studio 15
VisualStudioVersion = 15.0.28307.329
MinimumVisualStudioVersion = 10.0.40219.1
Project("{FAE04EC0-301F-11D3-BF4B-00C04F79EFBC}") = "Aula77", "Aula77\Aula77.csproj", "{B82AB83E-7EFA-4DA0-8ECA-7687A915A2D2}"
EndProject
Global
	GlobalSection(SolutionConfigurationPlatforms) = preSolution
		Debug|Any CPU = Debug|Any CPU
		Release|Any CPU = Release|Any CPU
	EndGlobalSection
	GlobalSection(ProjectConfigurationPlatforms) = postSolution
		{B82AB83E-7EFA-4DA0-8ECA-7687A915A2D2}.Debug|Any CPU.ActiveCfg = Debug|Any CPU
		{B82AB83E-7EFA-4DA0-8ECA-7687A915A2D2}.Debug|Any CPU.Build.0 = Debug|Any CPU
		{B82AB83E-7EFA-4DA0-8ECA-7687A915A2D2}.Release|Any CPU.ActiveCfg = Release|Any CPU
		{B82AB83E-7EFA-4DA0-8ECA-7687A915A2D2}.Release|Any CPU.Build.0 = Release|Any CPU
	EndGlobalSection
	GlobalSection(SolutionProperties) = preSolution
		HideSolutionNode = FALSE
	EndGlobalSection
	GlobalSection(ExtensibilityGlobals) = postSolution
		SolutionGuid = {200BAF7D-2E52-420A-9197-70D4CD140711}
	EndGlobalSection
EndGlobal
