
Microsoft Visual Studio Solution File, Format Version 12.00
# Visual Studio 15
VisualStudioVersion = 15.0.28307.329
MinimumVisualStudioVersion = 10.0.40219.1
Project("{FAE04EC0-301F-11D3-BF4B-00C04F79EFBC}") = "Aula135", "Aula135\Aula135.csproj", "{A490B0EF-4345-4D6A-A5AC-FCE8AE1233E2}"
EndProject
Global
	GlobalSection(SolutionConfigurationPlatforms) = preSolution
		Debug|Any CPU = Debug|Any CPU
		Release|Any CPU = Release|Any CPU
	EndGlobalSection
	GlobalSection(ProjectConfigurationPlatforms) = postSolution
		{A490B0EF-4345-4D6A-A5AC-FCE8AE1233E2}.Debug|Any CPU.ActiveCfg = Debug|Any CPU
		{A490B0EF-4345-4D6A-A5AC-FCE8AE1233E2}.Debug|Any CPU.Build.0 = Debug|Any CPU
		{A490B0EF-4345-4D6A-A5AC-FCE8AE1233E2}.Release|Any CPU.ActiveCfg = Release|Any CPU
		{A490B0EF-4345-4D6A-A5AC-FCE8AE1233E2}.Release|Any CPU.Build.0 = Release|Any CPU
	EndGlobalSection
	GlobalSection(SolutionProperties) = preSolution
		HideSolutionNode = FALSE
	EndGlobalSection
	GlobalSection(ExtensibilityGlobals) = postSolution
		SolutionGuid = {A629AE2C-5BFC-48FD-BBEA-5B8C2E5931C1}
	EndGlobalSection
EndGlobal
