
Microsoft Visual Studio Solution File, Format Version 12.00
# Visual Studio 15
VisualStudioVersion = 15.0.28307.329
MinimumVisualStudioVersion = 10.0.40219.1
Project("{FAE04EC0-301F-11D3-BF4B-00C04F79EFBC}") = "SalesWebMvc", "SalesWebMvc\SalesWebMvc.csproj", "{E141F877-A3E7-4028-B473-7EDBDDAAF5D5}"
EndProject
Global
	GlobalSection(SolutionConfigurationPlatforms) = preSolution
		Debug|Any CPU = Debug|Any CPU
		Release|Any CPU = Release|Any CPU
	EndGlobalSection
	GlobalSection(ProjectConfigurationPlatforms) = postSolution
		{E141F877-A3E7-4028-B473-7EDBDDAAF5D5}.Debug|Any CPU.ActiveCfg = Debug|Any CPU
		{E141F877-A3E7-4028-B473-7EDBDDAAF5D5}.Debug|Any CPU.Build.0 = Debug|Any CPU
		{E141F877-A3E7-4028-B473-7EDBDDAAF5D5}.Release|Any CPU.ActiveCfg = Release|Any CPU
		{E141F877-A3E7-4028-B473-7EDBDDAAF5D5}.Release|Any CPU.Build.0 = Release|Any CPU
	EndGlobalSection
	GlobalSection(SolutionProperties) = preSolution
		HideSolutionNode = FALSE
	EndGlobalSection
	GlobalSection(ExtensibilityGlobals) = postSolution
		SolutionGuid = {76442C0A-58F4-4D48-B76A-D9162407A2F3}
	EndGlobalSection
EndGlobal
