
Microsoft Visual Studio Solution File, Format Version 12.00
# Visual Studio 15
VisualStudioVersion = 15.0.28307.329
MinimumVisualStudioVersion = 10.0.40219.1
Project("{FAE04EC0-301F-11D3-BF4B-00C04F79EFBC}") = "Aula41", "Aula41\Aula41.csproj", "{E0A35E33-9EDF-4007-A170-17228D5CC3C9}"
EndProject
Global
	GlobalSection(SolutionConfigurationPlatforms) = preSolution
		Debug|Any CPU = Debug|Any CPU
		Release|Any CPU = Release|Any CPU
	EndGlobalSection
	GlobalSection(ProjectConfigurationPlatforms) = postSolution
		{E0A35E33-9EDF-4007-A170-17228D5CC3C9}.Debug|Any CPU.ActiveCfg = Debug|Any CPU
		{E0A35E33-9EDF-4007-A170-17228D5CC3C9}.Debug|Any CPU.Build.0 = Debug|Any CPU
		{E0A35E33-9EDF-4007-A170-17228D5CC3C9}.Release|Any CPU.ActiveCfg = Release|Any CPU
		{E0A35E33-9EDF-4007-A170-17228D5CC3C9}.Release|Any CPU.Build.0 = Release|Any CPU
	EndGlobalSection
	GlobalSection(SolutionProperties) = preSolution
		HideSolutionNode = FALSE
	EndGlobalSection
	GlobalSection(ExtensibilityGlobals) = postSolution
		SolutionGuid = {B0A3D5A7-3A50-460E-9E6D-4F85A1C26379}
	EndGlobalSection
EndGlobal
