
Microsoft Visual Studio Solution File, Format Version 12.00
# Visual Studio 15
VisualStudioVersion = 15.0.28307.329
MinimumVisualStudioVersion = 10.0.40219.1
Project("{FAE04EC0-301F-11D3-BF4B-00C04F79EFBC}") = "Aula113", "Aula113\Aula113.csproj", "{0DEA6BE4-5BDB-4300-80FF-930C4C6E3A88}"
EndProject
Global
	GlobalSection(SolutionConfigurationPlatforms) = preSolution
		Debug|Any CPU = Debug|Any CPU
		Release|Any CPU = Release|Any CPU
	EndGlobalSection
	GlobalSection(ProjectConfigurationPlatforms) = postSolution
		{0DEA6BE4-5BDB-4300-80FF-930C4C6E3A88}.Debug|Any CPU.ActiveCfg = Debug|Any CPU
		{0DEA6BE4-5BDB-4300-80FF-930C4C6E3A88}.Debug|Any CPU.Build.0 = Debug|Any CPU
		{0DEA6BE4-5BDB-4300-80FF-930C4C6E3A88}.Release|Any CPU.ActiveCfg = Release|Any CPU
		{0DEA6BE4-5BDB-4300-80FF-930C4C6E3A88}.Release|Any CPU.Build.0 = Release|Any CPU
	EndGlobalSection
	GlobalSection(SolutionProperties) = preSolution
		HideSolutionNode = FALSE
	EndGlobalSection
	GlobalSection(ExtensibilityGlobals) = postSolution
		SolutionGuid = {F7377C9F-AF82-459D-9ED1-8D4D90D939AD}
	EndGlobalSection
EndGlobal
