
Microsoft Visual Studio Solution File, Format Version 12.00
# Visual Studio 15
VisualStudioVersion = 15.0.28307.329
MinimumVisualStudioVersion = 10.0.40219.1
Project("{FAE04EC0-301F-11D3-BF4B-00C04F79EFBC}") = "Aula142", "Aula142\Aula142.csproj", "{2F0AC5B9-E861-4E97-B83A-68019B5E6FEF}"
EndProject
Global
	GlobalSection(SolutionConfigurationPlatforms) = preSolution
		Debug|Any CPU = Debug|Any CPU
		Release|Any CPU = Release|Any CPU
	EndGlobalSection
	GlobalSection(ProjectConfigurationPlatforms) = postSolution
		{2F0AC5B9-E861-4E97-B83A-68019B5E6FEF}.Debug|Any CPU.ActiveCfg = Debug|Any CPU
		{2F0AC5B9-E861-4E97-B83A-68019B5E6FEF}.Debug|Any CPU.Build.0 = Debug|Any CPU
		{2F0AC5B9-E861-4E97-B83A-68019B5E6FEF}.Release|Any CPU.ActiveCfg = Release|Any CPU
		{2F0AC5B9-E861-4E97-B83A-68019B5E6FEF}.Release|Any CPU.Build.0 = Release|Any CPU
	EndGlobalSection
	GlobalSection(SolutionProperties) = preSolution
		HideSolutionNode = FALSE
	EndGlobalSection
	GlobalSection(ExtensibilityGlobals) = postSolution
		SolutionGuid = {0B2E4AAA-15A7-4297-ADCA-EFD98124097D}
	EndGlobalSection
EndGlobal
