
Microsoft Visual Studio Solution File, Format Version 12.00
# Visual Studio 15
VisualStudioVersion = 15.0.28307.329
MinimumVisualStudioVersion = 10.0.40219.1
Project("{FAE04EC0-301F-11D3-BF4B-00C04F79EFBC}") = "Aula34", "Aula34\Aula34.csproj", "{6C20FD55-AF69-49F4-93FE-D535A647E91B}"
EndProject
Global
	GlobalSection(SolutionConfigurationPlatforms) = preSolution
		Debug|Any CPU = Debug|Any CPU
		Release|Any CPU = Release|Any CPU
	EndGlobalSection
	GlobalSection(ProjectConfigurationPlatforms) = postSolution
		{6C20FD55-AF69-49F4-93FE-D535A647E91B}.Debug|Any CPU.ActiveCfg = Debug|Any CPU
		{6C20FD55-AF69-49F4-93FE-D535A647E91B}.Debug|Any CPU.Build.0 = Debug|Any CPU
		{6C20FD55-AF69-49F4-93FE-D535A647E91B}.Release|Any CPU.ActiveCfg = Release|Any CPU
		{6C20FD55-AF69-49F4-93FE-D535A647E91B}.Release|Any CPU.Build.0 = Release|Any CPU
	EndGlobalSection
	GlobalSection(SolutionProperties) = preSolution
		HideSolutionNode = FALSE
	EndGlobalSection
	GlobalSection(ExtensibilityGlobals) = postSolution
		SolutionGuid = {D34F0540-AF38-4E57-BF7B-6E2EA8F08800}
	EndGlobalSection
EndGlobal
