
Microsoft Visual Studio Solution File, Format Version 12.00
# Visual Studio 15
VisualStudioVersion = 15.0.28307.329
MinimumVisualStudioVersion = 10.0.40219.1
Project("{FAE04EC0-301F-11D3-BF4B-00C04F79EFBC}") = "Aula19", "Aula19\Aula19.csproj", "{0CD8A05C-D186-4879-B1C9-562FDE964F6F}"
EndProject
Global
	GlobalSection(SolutionConfigurationPlatforms) = preSolution
		Debug|Any CPU = Debug|Any CPU
		Release|Any CPU = Release|Any CPU
	EndGlobalSection
	GlobalSection(ProjectConfigurationPlatforms) = postSolution
		{0CD8A05C-D186-4879-B1C9-562FDE964F6F}.Debug|Any CPU.ActiveCfg = Debug|Any CPU
		{0CD8A05C-D186-4879-B1C9-562FDE964F6F}.Debug|Any CPU.Build.0 = Debug|Any CPU
		{0CD8A05C-D186-4879-B1C9-562FDE964F6F}.Release|Any CPU.ActiveCfg = Release|Any CPU
		{0CD8A05C-D186-4879-B1C9-562FDE964F6F}.Release|Any CPU.Build.0 = Release|Any CPU
	EndGlobalSection
	GlobalSection(SolutionProperties) = preSolution
		HideSolutionNode = FALSE
	EndGlobalSection
	GlobalSection(ExtensibilityGlobals) = postSolution
		SolutionGuid = {C7736D95-02E4-43A6-9497-C49E5E9A7CC9}
	EndGlobalSection
EndGlobal
