
Microsoft Visual Studio Solution File, Format Version 12.00
# Visual Studio 15
VisualStudioVersion = 15.0.28307.329
MinimumVisualStudioVersion = 10.0.40219.1
Project("{FAE04EC0-301F-11D3-BF4B-00C04F79EFBC}") = "Aula27", "Aula27\Aula27.csproj", "{FE329F45-0913-4846-811C-3117B7BFB04A}"
EndProject
Global
	GlobalSection(SolutionConfigurationPlatforms) = preSolution
		Debug|Any CPU = Debug|Any CPU
		Release|Any CPU = Release|Any CPU
	EndGlobalSection
	GlobalSection(ProjectConfigurationPlatforms) = postSolution
		{FE329F45-0913-4846-811C-3117B7BFB04A}.Debug|Any CPU.ActiveCfg = Debug|Any CPU
		{FE329F45-0913-4846-811C-3117B7BFB04A}.Debug|Any CPU.Build.0 = Debug|Any CPU
		{FE329F45-0913-4846-811C-3117B7BFB04A}.Release|Any CPU.ActiveCfg = Release|Any CPU
		{FE329F45-0913-4846-811C-3117B7BFB04A}.Release|Any CPU.Build.0 = Release|Any CPU
	EndGlobalSection
	GlobalSection(SolutionProperties) = preSolution
		HideSolutionNode = FALSE
	EndGlobalSection
	GlobalSection(ExtensibilityGlobals) = postSolution
		SolutionGuid = {31A3C061-9BB1-4F1A-B6A8-A0C9604907B6}
	EndGlobalSection
EndGlobal
