
Microsoft Visual Studio Solution File, Format Version 12.00
# Visual Studio 15
VisualStudioVersion = 15.0.28307.329
MinimumVisualStudioVersion = 10.0.40219.1
Project("{FAE04EC0-301F-11D3-BF4B-00C04F79EFBC}") = "Fatoral", "Fatoral\Fatoral.csproj", "{11B47757-0D88-40CB-8054-56AFCE022892}"
EndProject
Global
	GlobalSection(SolutionConfigurationPlatforms) = preSolution
		Debug|Any CPU = Debug|Any CPU
		Release|Any CPU = Release|Any CPU
	EndGlobalSection
	GlobalSection(ProjectConfigurationPlatforms) = postSolution
		{11B47757-0D88-40CB-8054-56AFCE022892}.Debug|Any CPU.ActiveCfg = Debug|Any CPU
		{11B47757-0D88-40CB-8054-56AFCE022892}.Debug|Any CPU.Build.0 = Debug|Any CPU
		{11B47757-0D88-40CB-8054-56AFCE022892}.Release|Any CPU.ActiveCfg = Release|Any CPU
		{11B47757-0D88-40CB-8054-56AFCE022892}.Release|Any CPU.Build.0 = Release|Any CPU
	EndGlobalSection
	GlobalSection(SolutionProperties) = preSolution
		HideSolutionNode = FALSE
	EndGlobalSection
	GlobalSection(ExtensibilityGlobals) = postSolution
		SolutionGuid = {941BD916-3D28-4F97-9A7C-7753229F8F76}
	EndGlobalSection
EndGlobal
