
Microsoft Visual Studio Solution File, Format Version 12.00
# Visual Studio 15
VisualStudioVersion = 15.0.28307.329
MinimumVisualStudioVersion = 10.0.40219.1
Project("{FAE04EC0-301F-11D3-BF4B-00C04F79EFBC}") = "Aula118E119E120", "Aula118E119E120\Aula118E119E120.csproj", "{0B5456B6-9013-46A8-B77D-3D36401E3ADF}"
EndProject
Global
	GlobalSection(SolutionConfigurationPlatforms) = preSolution
		Debug|Any CPU = Debug|Any CPU
		Release|Any CPU = Release|Any CPU
	EndGlobalSection
	GlobalSection(ProjectConfigurationPlatforms) = postSolution
		{0B5456B6-9013-46A8-B77D-3D36401E3ADF}.Debug|Any CPU.ActiveCfg = Debug|Any CPU
		{0B5456B6-9013-46A8-B77D-3D36401E3ADF}.Debug|Any CPU.Build.0 = Debug|Any CPU
		{0B5456B6-9013-46A8-B77D-3D36401E3ADF}.Release|Any CPU.ActiveCfg = Release|Any CPU
		{0B5456B6-9013-46A8-B77D-3D36401E3ADF}.Release|Any CPU.Build.0 = Release|Any CPU
	EndGlobalSection
	GlobalSection(SolutionProperties) = preSolution
		HideSolutionNode = FALSE
	EndGlobalSection
	GlobalSection(ExtensibilityGlobals) = postSolution
		SolutionGuid = {6DB18902-D461-4DB0-95E2-EBD518792709}
	EndGlobalSection
EndGlobal
