
Microsoft Visual Studio Solution File, Format Version 12.00
# Visual Studio 15
VisualStudioVersion = 15.0.28307.329
MinimumVisualStudioVersion = 10.0.40219.1
Project("{FAE04EC0-301F-11D3-BF4B-00C04F79EFBC}") = "Aula51", "Aula51\Aula51.csproj", "{6C5ED960-FBF0-4CF9-86B9-32F17451872C}"
EndProject
Global
	GlobalSection(SolutionConfigurationPlatforms) = preSolution
		Debug|Any CPU = Debug|Any CPU
		Release|Any CPU = Release|Any CPU
	EndGlobalSection
	GlobalSection(ProjectConfigurationPlatforms) = postSolution
		{6C5ED960-FBF0-4CF9-86B9-32F17451872C}.Debug|Any CPU.ActiveCfg = Debug|Any CPU
		{6C5ED960-FBF0-4CF9-86B9-32F17451872C}.Debug|Any CPU.Build.0 = Debug|Any CPU
		{6C5ED960-FBF0-4CF9-86B9-32F17451872C}.Release|Any CPU.ActiveCfg = Release|Any CPU
		{6C5ED960-FBF0-4CF9-86B9-32F17451872C}.Release|Any CPU.Build.0 = Release|Any CPU
	EndGlobalSection
	GlobalSection(SolutionProperties) = preSolution
		HideSolutionNode = FALSE
	EndGlobalSection
	GlobalSection(ExtensibilityGlobals) = postSolution
		SolutionGuid = {7F687AF9-04E5-45DE-867F-F14A78F05B58}
	EndGlobalSection
EndGlobal
