
Microsoft Visual Studio Solution File, Format Version 12.00
# Visual Studio 15
VisualStudioVersion = 15.0.28307.329
MinimumVisualStudioVersion = 10.0.40219.1
Project("{FAE04EC0-301F-11D3-BF4B-00C04F79EFBC}") = "Aula184", "Aula184\Aula184.csproj", "{9B25D86E-BA69-4299-808E-170621A6A292}"
EndProject
Global
	GlobalSection(SolutionConfigurationPlatforms) = preSolution
		Debug|Any CPU = Debug|Any CPU
		Release|Any CPU = Release|Any CPU
	EndGlobalSection
	GlobalSection(ProjectConfigurationPlatforms) = postSolution
		{9B25D86E-BA69-4299-808E-170621A6A292}.Debug|Any CPU.ActiveCfg = Debug|Any CPU
		{9B25D86E-BA69-4299-808E-170621A6A292}.Debug|Any CPU.Build.0 = Debug|Any CPU
		{9B25D86E-BA69-4299-808E-170621A6A292}.Release|Any CPU.ActiveCfg = Release|Any CPU
		{9B25D86E-BA69-4299-808E-170621A6A292}.Release|Any CPU.Build.0 = Release|Any CPU
	EndGlobalSection
	GlobalSection(SolutionProperties) = preSolution
		HideSolutionNode = FALSE
	EndGlobalSection
	GlobalSection(ExtensibilityGlobals) = postSolution
		SolutionGuid = {173AB5C0-46B8-4F52-8D16-FD679449D09B}
	EndGlobalSection
EndGlobal
